
Microsoft Visual Studio Solution File, Format Version 12.00
Project("{FAE04EC0-301F-11D3-BF4B-00C04F79EFBC}") = "TemplateGame.DesktopGL", "src\TemplateGame.DesktopGL\TemplateGame.DesktopGL.csproj", "{58E30A70-A4C9-4378-B819-47E0CF3EF153}"
EndProject
Project("{FAE04EC0-301F-11D3-BF4B-00C04F79EFBC}") = "TemplateGame.Core", "src\TemplateGame.Core\TemplateGame.Core.csproj", "{4DFEE74E-BA2F-470F-9D41-D548602788F9}"
EndProject
Global
	GlobalSection(SolutionConfigurationPlatforms) = preSolution
		Debug|Any CPU = Debug|Any CPU
		Release|Any CPU = Release|Any CPU
	EndGlobalSection
	GlobalSection(ProjectConfigurationPlatforms) = postSolution
		{58E30A70-A4C9-4378-B819-47E0CF3EF153}.Debug|Any CPU.ActiveCfg = Debug|Any CPU
		{58E30A70-A4C9-4378-B819-47E0CF3EF153}.Debug|Any CPU.Build.0 = Debug|Any CPU
		{58E30A70-A4C9-4378-B819-47E0CF3EF153}.Release|Any CPU.ActiveCfg = Release|Any CPU
		{58E30A70-A4C9-4378-B819-47E0CF3EF153}.Release|Any CPU.Build.0 = Release|Any CPU
		{4DFEE74E-BA2F-470F-9D41-D548602788F9}.Debug|Any CPU.ActiveCfg = Debug|Any CPU
		{4DFEE74E-BA2F-470F-9D41-D548602788F9}.Debug|Any CPU.Build.0 = Debug|Any CPU
		{4DFEE74E-BA2F-470F-9D41-D548602788F9}.Release|Any CPU.ActiveCfg = Release|Any CPU
		{4DFEE74E-BA2F-470F-9D41-D548602788F9}.Release|Any CPU.Build.0 = Release|Any CPU
	EndGlobalSection
EndGlobal
